
Microsoft Visual Studio Solution File, Format Version 12.00
# Visual Studio 15
VisualStudioVersion = 15.0.28307.705
MinimumVisualStudioVersion = 10.0.40219.1
Project("{FAE04EC0-301F-11D3-BF4B-00C04F79EFBC}") = "Array", "Array\Array.csproj", "{F25A8DE7-4782-4514-917D-46AAC789355E}"
EndProject
Global
	GlobalSection(SolutionConfigurationPlatforms) = preSolution
		Debug|Any CPU = Debug|Any CPU
		Release|Any CPU = Release|Any CPU
	EndGlobalSection
	GlobalSection(ProjectConfigurationPlatforms) = postSolution
		{F25A8DE7-4782-4514-917D-46AAC789355E}.Debug|Any CPU.ActiveCfg = Debug|Any CPU
		{F25A8DE7-4782-4514-917D-46AAC789355E}.Debug|Any CPU.Build.0 = Debug|Any CPU
		{F25A8DE7-4782-4514-917D-46AAC789355E}.Release|Any CPU.ActiveCfg = Release|Any CPU
		{F25A8DE7-4782-4514-917D-46AAC789355E}.Release|Any CPU.Build.0 = Release|Any CPU
	EndGlobalSection
	GlobalSection(SolutionProperties) = preSolution
		HideSolutionNode = FALSE
	EndGlobalSection
	GlobalSection(ExtensibilityGlobals) = postSolution
		SolutionGuid = {1F4839EA-6988-488B-941A-DF715D4463AE}
	EndGlobalSection
EndGlobal
